
Microsoft Visual Studio Solution File, Format Version 12.00
# Visual Studio Version 16
VisualStudioVersion = 16.0.30104.148
MinimumVisualStudioVersion = 10.0.40219.1
Project("{FAE04EC0-301F-11D3-BF4B-00C04F79EFBC}") = "ExcelUpload", "ExcelUpload.csproj", "{1678E983-72AD-43DB-A26A-3C339B4B511F}"
EndProject
Global
	GlobalSection(SolutionConfigurationPlatforms) = preSolution
		Debug|Any CPU = Debug|Any CPU
		Release|Any CPU = Release|Any CPU
	EndGlobalSection
	GlobalSection(ProjectConfigurationPlatforms) = postSolution
		{1678E983-72AD-43DB-A26A-3C339B4B511F}.Debug|Any CPU.ActiveCfg = Debug|Any CPU
		{1678E983-72AD-43DB-A26A-3C339B4B511F}.Debug|Any CPU.Build.0 = Debug|Any CPU
		{1678E983-72AD-43DB-A26A-3C339B4B511F}.Release|Any CPU.ActiveCfg = Release|Any CPU
		{1678E983-72AD-43DB-A26A-3C339B4B511F}.Release|Any CPU.Build.0 = Release|Any CPU
	EndGlobalSection
	GlobalSection(SolutionProperties) = preSolution
		HideSolutionNode = FALSE
	EndGlobalSection
	GlobalSection(ExtensibilityGlobals) = postSolution
		SolutionGuid = {1A4A1F30-FC02-4030-BE41-EFA9B5006FD6}
	EndGlobalSection
EndGlobal
